<?xml version="1.0" encoding="utf-8"?>
<Project ToolsVersion="4.0" xmlns="http://schemas.microsoft.com/developer/msbuild/2003">
  <ItemGroup>
    <Filter Include="Source Files">
      <UniqueIdentifier>{4FC737F1-C7A5-4376-A066-2A32D752A2FF}</UniqueIdentifier>
      <Extensions>cpp;c;cc;cxx;def;odl;idl;hpj;bat;asm;asmx</Extensions>
    </Filter>
    <Filter Include="Header Files">
      <UniqueIdentifier>{93995380-89BD-4b04-88EB-625FBE52EBFB}</UniqueIdentifier>
      <Extensions>h;hh;hpp;hxx;hm;inl;inc;xsd</Extensions>
    </Filter>
    <Filter Include="Resource Files">
      <UniqueIdentifier>{67DA6AB6-F800-4c08-8B7A-83BB121AAD01}</UniqueIdentifier>
      <Extensions>rc;ico;cur;bmp;dlg;rc2;rct;bin;rgs;gif;jpg;jpeg;jpe;resx;tiff;tif;png;wav;mfcribbon-ms</Extensions>
    </Filter>
  </ItemGroup>
  <ItemGroup>
    <ClInclude Include="iActuator.h">
      <Filter>Header Files</Filter>
    </ClInclude>
    <ClInclude Include="iSensor.h">
      <Filter>Header Files</Filter>
    </ClInclude>
    <ClInclude Include="Fan.h">
      <Filter>Header Files</Filter>
    </ClInclude>
    <ClInclude Include="iCommunication.h">
      <Filter>Header Files</Filter>
    </ClInclude>
    <ClInclude Include="Temperature.h">
      <Filter>Header Files</Filter>
    </ClInclude>
    <ClInclude Include="PWM.h">
      <Filter>Header Files</Filter>
    </ClInclude>
    <ClInclude Include="HeatingElement.h">
      <Filter>Header Files</Filter>
    </ClInclude>
    <ClInclude Include="CoolingElement.h">
      <Filter>Header Files</Filter>
    </ClInclude>
    <ClInclude Include="Flaps.h">
      <Filter>Header Files</Filter>
    </ClInclude>
    <ClInclude Include="Humidity.h">
      <Filter>Header Files</Filter>
    </ClInclude>
    <ClInclude Include="CO2.h">
      <Filter>Header Files</Filter>
    </ClInclude>
    <ClInclude Include="Serial.h">
      <Filter>Header Files</Filter>
    </ClInclude>
    <ClInclude Include="I2C.h">
      <Filter>Header Files</Filter>
    </ClInclude>
    <ClInclude Include="Controller.h">
      <Filter>Header Files</Filter>
    </ClInclude>
    <ClInclude Include="ControllerBuilder.h">
      <Filter>Header Files</Filter>
    </ClInclude>
  </ItemGroup>
  <ItemGroup>
    <ClCompile Include="ControllerBuilder.cpp">
      <Filter>Source Files</Filter>
    </ClCompile>
    <ClCompile Include="Fan.cpp">
      <Filter>Source Files</Filter>
    </ClCompile>
    <ClCompile Include="iActuator.cpp">
      <Filter>Source Files</Filter>
    </ClCompile>
    <ClCompile Include="Flaps.cpp">
      <Filter>Source Files</Filter>
    </ClCompile>
    <ClCompile Include="HeatingElement.cpp">
      <Filter>Source Files</Filter>
    </ClCompile>
    <ClCompile Include="CoolingElement.cpp">
      <Filter>Source Files</Filter>
    </ClCompile>
    <ClCompile Include="Humidity.cpp">
      <Filter>Source Files</Filter>
    </ClCompile>
    <ClCompile Include="Temperature.cpp">
      <Filter>Source Files</Filter>
    </ClCompile>
    <ClCompile Include="CO2.cpp">
      <Filter>Source Files</Filter>
    </ClCompile>
    <ClCompile Include="Controller.cpp">
      <Filter>Source Files</Filter>
    </ClCompile>
    <ClCompile Include="I2C.cpp">
      <Filter>Source Files</Filter>
    </ClCompile>
  </ItemGroup>
</Project>